
Microsoft Visual Studio Solution File, Format Version 12.00
# Visual Studio Version 16
VisualStudioVersion = 16.0.31613.86
MinimumVisualStudioVersion = 10.0.40219.1
Project("{888888A0-9F3D-457C-B088-3A5042F75D52}") = "HairOverlay", "HairOverlay\HairOverlay.pyproj", "{3767D380-C9B6-46BC-9314-E89F6CDAD2EE}"
EndProject
Global
	GlobalSection(SolutionConfigurationPlatforms) = preSolution
		Debug|Any CPU = Debug|Any CPU
		Release|Any CPU = Release|Any CPU
	EndGlobalSection
	GlobalSection(ProjectConfigurationPlatforms) = postSolution
		{3767D380-C9B6-46BC-9314-E89F6CDAD2EE}.Debug|Any CPU.ActiveCfg = Debug|Any CPU
		{3767D380-C9B6-46BC-9314-E89F6CDAD2EE}.Release|Any CPU.ActiveCfg = Release|Any CPU
	EndGlobalSection
	GlobalSection(SolutionProperties) = preSolution
		HideSolutionNode = FALSE
	EndGlobalSection
	GlobalSection(ExtensibilityGlobals) = postSolution
		SolutionGuid = {C913DE8C-F8B8-4FEC-B965-6D0B6052345C}
	EndGlobalSection
EndGlobal
